{
  "name": "hicviewer",
  "requires": true,
  "lockfileVersion": 1,
  "dependencies": {
    "hic-straw": {
      "version": "1.0.0",
      "resolved": "https://registry.npmjs.org/hic-straw/-/hic-straw-1.0.0.tgz",
      "integrity": "sha512-dZ1NHnjLxYucjguaCe/HyqS5v5XWZL/+x2Fwk3Ebm1QoI//tHj07yj2eVmKixgipKuDgF7vQ54CQr1LtFNr9qA=="
    }
  }
}
